
Microsoft Visual Studio Solution File, Format Version 12.00
# Visual Studio Version 17
VisualStudioVersion = 17.1.32319.34
MinimumVisualStudioVersion = 10.0.40219.1
Project("{9A19103F-16F7-4668-BE54-9A1E7A4F7556}") = "PRN_SE1621_PRO", "PRN_SE1621_PRO\PRN_SE1621_PRO.csproj", "{7EC9CE69-D2DD-4E24-8277-994120EC23AE}"
EndProject
Project("{9A19103F-16F7-4668-BE54-9A1E7A4F7556}") = "PRN_SE1621_DEFAULT_INTERFACE", "PRN_SE1621_DEFAULT_INTERFACE\PRN_SE1621_DEFAULT_INTERFACE.csproj", "{B7EE4B54-7411-4922-A50B-CF4780221D1A}"
EndProject
Project("{FAE04EC0-301F-11D3-BF4B-00C04F79EFBC}") = "PRN_SE1621_PRODUCT_MANAGEMENT", "PRN_SE1621_PRODUCT_MANAGEMENT\PRN_SE1621_PRODUCT_MANAGEMENT.csproj", "{3633A0B5-515A-4560-AFE7-C1B7B5A93DA1}"
EndProject
Global
	GlobalSection(SolutionConfigurationPlatforms) = preSolution
		Debug|Any CPU = Debug|Any CPU
		Release|Any CPU = Release|Any CPU
	EndGlobalSection
	GlobalSection(ProjectConfigurationPlatforms) = postSolution
		{7EC9CE69-D2DD-4E24-8277-994120EC23AE}.Debug|Any CPU.ActiveCfg = Debug|Any CPU
		{7EC9CE69-D2DD-4E24-8277-994120EC23AE}.Debug|Any CPU.Build.0 = Debug|Any CPU
		{7EC9CE69-D2DD-4E24-8277-994120EC23AE}.Release|Any CPU.ActiveCfg = Release|Any CPU
		{7EC9CE69-D2DD-4E24-8277-994120EC23AE}.Release|Any CPU.Build.0 = Release|Any CPU
		{B7EE4B54-7411-4922-A50B-CF4780221D1A}.Debug|Any CPU.ActiveCfg = Debug|Any CPU
		{B7EE4B54-7411-4922-A50B-CF4780221D1A}.Debug|Any CPU.Build.0 = Debug|Any CPU
		{B7EE4B54-7411-4922-A50B-CF4780221D1A}.Release|Any CPU.ActiveCfg = Release|Any CPU
		{B7EE4B54-7411-4922-A50B-CF4780221D1A}.Release|Any CPU.Build.0 = Release|Any CPU
		{3633A0B5-515A-4560-AFE7-C1B7B5A93DA1}.Debug|Any CPU.ActiveCfg = Debug|Any CPU
		{3633A0B5-515A-4560-AFE7-C1B7B5A93DA1}.Debug|Any CPU.Build.0 = Debug|Any CPU
		{3633A0B5-515A-4560-AFE7-C1B7B5A93DA1}.Release|Any CPU.ActiveCfg = Release|Any CPU
		{3633A0B5-515A-4560-AFE7-C1B7B5A93DA1}.Release|Any CPU.Build.0 = Release|Any CPU
	EndGlobalSection
	GlobalSection(SolutionProperties) = preSolution
		HideSolutionNode = FALSE
	EndGlobalSection
	GlobalSection(ExtensibilityGlobals) = postSolution
		SolutionGuid = {4534A5BF-43F8-4254-823C-9F1478D63F3C}
	EndGlobalSection
EndGlobal
